
Microsoft Visual Studio Solution File, Format Version 12.00
# Visual Studio Version 17
VisualStudioVersion = 17.0.32014.148
MinimumVisualStudioVersion = 10.0.40219.1
Project("{FAE04EC0-301F-11D3-BF4B-00C04F79EFBC}") = "DataAccess", "DataAccess\DataAccess.csproj", "{620B5F9E-885D-4FFE-9E78-C691042D474E}"
EndProject
Project("{FAE04EC0-301F-11D3-BF4B-00C04F79EFBC}") = "Entities", "Entities\Entities.csproj", "{BF7C41F7-3FFF-4F74-B22A-F00F8C2C2729}"
EndProject
Project("{FAE04EC0-301F-11D3-BF4B-00C04F79EFBC}") = "ConsoleUI", "ConsoleUI\ConsoleUI.csproj", "{F757F261-6EC2-4C58-8CCE-A2761F3F8261}"
EndProject
Project("{FAE04EC0-301F-11D3-BF4B-00C04F79EFBC}") = "Business", "Business\Business.csproj", "{9C304592-CC24-45DF-9F19-5EB854694C37}"
EndProject
Global
	GlobalSection(SolutionConfigurationPlatforms) = preSolution
		Debug|Any CPU = Debug|Any CPU
		Release|Any CPU = Release|Any CPU
	EndGlobalSection
	GlobalSection(ProjectConfigurationPlatforms) = postSolution
		{620B5F9E-885D-4FFE-9E78-C691042D474E}.Debug|Any CPU.ActiveCfg = Debug|Any CPU
		{620B5F9E-885D-4FFE-9E78-C691042D474E}.Debug|Any CPU.Build.0 = Debug|Any CPU
		{620B5F9E-885D-4FFE-9E78-C691042D474E}.Release|Any CPU.ActiveCfg = Release|Any CPU
		{620B5F9E-885D-4FFE-9E78-C691042D474E}.Release|Any CPU.Build.0 = Release|Any CPU
		{BF7C41F7-3FFF-4F74-B22A-F00F8C2C2729}.Debug|Any CPU.ActiveCfg = Debug|Any CPU
		{BF7C41F7-3FFF-4F74-B22A-F00F8C2C2729}.Debug|Any CPU.Build.0 = Debug|Any CPU
		{BF7C41F7-3FFF-4F74-B22A-F00F8C2C2729}.Release|Any CPU.ActiveCfg = Release|Any CPU
		{BF7C41F7-3FFF-4F74-B22A-F00F8C2C2729}.Release|Any CPU.Build.0 = Release|Any CPU
		{F757F261-6EC2-4C58-8CCE-A2761F3F8261}.Debug|Any CPU.ActiveCfg = Debug|Any CPU
		{F757F261-6EC2-4C58-8CCE-A2761F3F8261}.Debug|Any CPU.Build.0 = Debug|Any CPU
		{F757F261-6EC2-4C58-8CCE-A2761F3F8261}.Release|Any CPU.ActiveCfg = Release|Any CPU
		{F757F261-6EC2-4C58-8CCE-A2761F3F8261}.Release|Any CPU.Build.0 = Release|Any CPU
		{9C304592-CC24-45DF-9F19-5EB854694C37}.Debug|Any CPU.ActiveCfg = Debug|Any CPU
		{9C304592-CC24-45DF-9F19-5EB854694C37}.Debug|Any CPU.Build.0 = Debug|Any CPU
		{9C304592-CC24-45DF-9F19-5EB854694C37}.Release|Any CPU.ActiveCfg = Release|Any CPU
		{9C304592-CC24-45DF-9F19-5EB854694C37}.Release|Any CPU.Build.0 = Release|Any CPU
	EndGlobalSection
	GlobalSection(SolutionProperties) = preSolution
		HideSolutionNode = FALSE
	EndGlobalSection
	GlobalSection(ExtensibilityGlobals) = postSolution
		SolutionGuid = {D68FEEC8-E342-48C6-9073-778134014FBE}
	EndGlobalSection
EndGlobal
